
Microsoft Visual Studio Solution File, Format Version 12.00
# Visual Studio Version 17
VisualStudioVersion = 17.6.33723.286
MinimumVisualStudioVersion = 10.0.40219.1
Project("{9A19103F-16F7-4668-BE54-9A1E7A4F7556}") = "APII", "APII\APII.csproj", "{5137BBDD-7889-4DB4-A073-7E1E8B1F42E3}"
EndProject
Project("{FAE04EC0-301F-11D3-BF4B-00C04F79EFBC}") = "Clientt", "Clientt\Clientt.csproj", "{B311A698-D5E2-4EEB-95B9-4C0F242AC75A}"
EndProject
Global
	GlobalSection(SolutionConfigurationPlatforms) = preSolution
		Debug|Any CPU = Debug|Any CPU
		Release|Any CPU = Release|Any CPU
	EndGlobalSection
	GlobalSection(ProjectConfigurationPlatforms) = postSolution
		{5137BBDD-7889-4DB4-A073-7E1E8B1F42E3}.Debug|Any CPU.ActiveCfg = Debug|Any CPU
		{5137BBDD-7889-4DB4-A073-7E1E8B1F42E3}.Debug|Any CPU.Build.0 = Debug|Any CPU
		{5137BBDD-7889-4DB4-A073-7E1E8B1F42E3}.Release|Any CPU.ActiveCfg = Release|Any CPU
		{5137BBDD-7889-4DB4-A073-7E1E8B1F42E3}.Release|Any CPU.Build.0 = Release|Any CPU
		{B311A698-D5E2-4EEB-95B9-4C0F242AC75A}.Debug|Any CPU.ActiveCfg = Debug|Any CPU
		{B311A698-D5E2-4EEB-95B9-4C0F242AC75A}.Debug|Any CPU.Build.0 = Debug|Any CPU
		{B311A698-D5E2-4EEB-95B9-4C0F242AC75A}.Release|Any CPU.ActiveCfg = Release|Any CPU
		{B311A698-D5E2-4EEB-95B9-4C0F242AC75A}.Release|Any CPU.Build.0 = Release|Any CPU
	EndGlobalSection
	GlobalSection(SolutionProperties) = preSolution
		HideSolutionNode = FALSE
	EndGlobalSection
	GlobalSection(ExtensibilityGlobals) = postSolution
		SolutionGuid = {055050BA-767B-490C-BAE2-A4B641E1B770}
	EndGlobalSection
EndGlobal
